
Microsoft Visual Studio Solution File, Format Version 12.00
# Visual Studio Version 17
VisualStudioVersion = 17.8.34525.116
MinimumVisualStudioVersion = 10.0.40219.1
Project("{2150E333-8FDC-42A3-9474-1A3956D46DE8}") = "Api", "Api", "{4D3E03E8-31A5-45BD-B783-9FCF4D998195}"
EndProject
Project("{2150E333-8FDC-42A3-9474-1A3956D46DE8}") = "Core", "Core", "{383647DC-FFE9-4682-8334-68C038AFD1F0}"
EndProject
Project("{2150E333-8FDC-42A3-9474-1A3956D46DE8}") = "Domain", "Domain", "{0A8E426C-3A69-48C6-B862-9DCA7E75ADDE}"
EndProject
Project("{2150E333-8FDC-42A3-9474-1A3956D46DE8}") = "Application", "Application", "{5816EC42-6A2E-43F4-B713-41794379A365}"
EndProject
Project("{2150E333-8FDC-42A3-9474-1A3956D46DE8}") = "Infrastructure", "Infrastructure", "{04EFA581-D3B9-4CDD-BFB8-2671F9CF7795}"
EndProject
Project("{9A19103F-16F7-4668-BE54-9A1E7A4F7556}") = "Skeleton.Application", "Core\Application\Skeleton.Application.csproj", "{B3F0F15E-475F-4927-B193-B63D07924397}"
EndProject
Project("{9A19103F-16F7-4668-BE54-9A1E7A4F7556}") = "Skeleton.Domain", "Core\Domain\Skeleton.Domain.csproj", "{6E9D2CAE-9821-4812-9E57-F62278DE0C84}"
EndProject
Project("{9A19103F-16F7-4668-BE54-9A1E7A4F7556}") = "Skeleton.Api", "API\Skeleton.Api.csproj", "{5CE4AB46-216C-4C1B-B845-48784D516F5E}"
EndProject
Project("{2150E333-8FDC-42A3-9474-1A3956D46DE8}") = "Identity", "Identity", "{B6456F31-F9AA-4915-A23D-F282CE7DDC1E}"
EndProject
Project("{2150E333-8FDC-42A3-9474-1A3956D46DE8}") = "Persistance", "Persistance", "{873F7990-7778-4376-AF7F-611F581CA5D8}"
EndProject
Project("{9A19103F-16F7-4668-BE54-9A1E7A4F7556}") = "Skeleton.Identity", "Infrastructure\Identity\Skeleton.Identity.csproj", "{98C02F65-3FD1-4CB1-94B7-8BED41E6A557}"
EndProject
Project("{9A19103F-16F7-4668-BE54-9A1E7A4F7556}") = "Skeleton.Persistance", "Infrastructure\Persistance\Skeleton.Persistance.csproj", "{843FAA24-54FB-471A-85B4-C3D8819C9F21}"
EndProject
Project("{2150E333-8FDC-42A3-9474-1A3956D46DE8}") = "Utility", "Utility", "{630F944B-D50E-431A-9394-72048EFC9CC2}"
EndProject
Project("{9A19103F-16F7-4668-BE54-9A1E7A4F7556}") = "Skeleton.Utility", "Infrastructure\Utility\Skeleton.Utility.csproj", "{6EFDCB6B-71CF-4173-BFC8-EEC9915CCC90}"
EndProject
Project("{E53339B2-1760-4266-BCC7-CA923CBCF16C}") = "docker-compose", "docker-compose.dcproj", "{97D6E432-80CD-4BB2-98D5-0EB521C8D2CD}"
EndProject
Global
	GlobalSection(SolutionConfigurationPlatforms) = preSolution
		Debug|Any CPU = Debug|Any CPU
		Release|Any CPU = Release|Any CPU
	EndGlobalSection
	GlobalSection(ProjectConfigurationPlatforms) = postSolution
		{B3F0F15E-475F-4927-B193-B63D07924397}.Debug|Any CPU.ActiveCfg = Debug|Any CPU
		{B3F0F15E-475F-4927-B193-B63D07924397}.Debug|Any CPU.Build.0 = Debug|Any CPU
		{B3F0F15E-475F-4927-B193-B63D07924397}.Release|Any CPU.ActiveCfg = Release|Any CPU
		{B3F0F15E-475F-4927-B193-B63D07924397}.Release|Any CPU.Build.0 = Release|Any CPU
		{6E9D2CAE-9821-4812-9E57-F62278DE0C84}.Debug|Any CPU.ActiveCfg = Debug|Any CPU
		{6E9D2CAE-9821-4812-9E57-F62278DE0C84}.Debug|Any CPU.Build.0 = Debug|Any CPU
		{6E9D2CAE-9821-4812-9E57-F62278DE0C84}.Release|Any CPU.ActiveCfg = Release|Any CPU
		{6E9D2CAE-9821-4812-9E57-F62278DE0C84}.Release|Any CPU.Build.0 = Release|Any CPU
		{5CE4AB46-216C-4C1B-B845-48784D516F5E}.Debug|Any CPU.ActiveCfg = Debug|Any CPU
		{5CE4AB46-216C-4C1B-B845-48784D516F5E}.Debug|Any CPU.Build.0 = Debug|Any CPU
		{5CE4AB46-216C-4C1B-B845-48784D516F5E}.Release|Any CPU.ActiveCfg = Release|Any CPU
		{5CE4AB46-216C-4C1B-B845-48784D516F5E}.Release|Any CPU.Build.0 = Release|Any CPU
		{98C02F65-3FD1-4CB1-94B7-8BED41E6A557}.Debug|Any CPU.ActiveCfg = Debug|Any CPU
		{98C02F65-3FD1-4CB1-94B7-8BED41E6A557}.Debug|Any CPU.Build.0 = Debug|Any CPU
		{98C02F65-3FD1-4CB1-94B7-8BED41E6A557}.Release|Any CPU.ActiveCfg = Release|Any CPU
		{98C02F65-3FD1-4CB1-94B7-8BED41E6A557}.Release|Any CPU.Build.0 = Release|Any CPU
		{843FAA24-54FB-471A-85B4-C3D8819C9F21}.Debug|Any CPU.ActiveCfg = Debug|Any CPU
		{843FAA24-54FB-471A-85B4-C3D8819C9F21}.Debug|Any CPU.Build.0 = Debug|Any CPU
		{843FAA24-54FB-471A-85B4-C3D8819C9F21}.Release|Any CPU.ActiveCfg = Release|Any CPU
		{843FAA24-54FB-471A-85B4-C3D8819C9F21}.Release|Any CPU.Build.0 = Release|Any CPU
		{6EFDCB6B-71CF-4173-BFC8-EEC9915CCC90}.Debug|Any CPU.ActiveCfg = Debug|Any CPU
		{6EFDCB6B-71CF-4173-BFC8-EEC9915CCC90}.Debug|Any CPU.Build.0 = Debug|Any CPU
		{6EFDCB6B-71CF-4173-BFC8-EEC9915CCC90}.Release|Any CPU.ActiveCfg = Release|Any CPU
		{6EFDCB6B-71CF-4173-BFC8-EEC9915CCC90}.Release|Any CPU.Build.0 = Release|Any CPU
		{97D6E432-80CD-4BB2-98D5-0EB521C8D2CD}.Debug|Any CPU.ActiveCfg = Debug|Any CPU
		{97D6E432-80CD-4BB2-98D5-0EB521C8D2CD}.Debug|Any CPU.Build.0 = Debug|Any CPU
		{97D6E432-80CD-4BB2-98D5-0EB521C8D2CD}.Release|Any CPU.ActiveCfg = Release|Any CPU
		{97D6E432-80CD-4BB2-98D5-0EB521C8D2CD}.Release|Any CPU.Build.0 = Release|Any CPU
	EndGlobalSection
	GlobalSection(SolutionProperties) = preSolution
		HideSolutionNode = FALSE
	EndGlobalSection
	GlobalSection(NestedProjects) = preSolution
		{0A8E426C-3A69-48C6-B862-9DCA7E75ADDE} = {383647DC-FFE9-4682-8334-68C038AFD1F0}
		{5816EC42-6A2E-43F4-B713-41794379A365} = {383647DC-FFE9-4682-8334-68C038AFD1F0}
		{B3F0F15E-475F-4927-B193-B63D07924397} = {5816EC42-6A2E-43F4-B713-41794379A365}
		{6E9D2CAE-9821-4812-9E57-F62278DE0C84} = {0A8E426C-3A69-48C6-B862-9DCA7E75ADDE}
		{5CE4AB46-216C-4C1B-B845-48784D516F5E} = {4D3E03E8-31A5-45BD-B783-9FCF4D998195}
		{B6456F31-F9AA-4915-A23D-F282CE7DDC1E} = {04EFA581-D3B9-4CDD-BFB8-2671F9CF7795}
		{873F7990-7778-4376-AF7F-611F581CA5D8} = {04EFA581-D3B9-4CDD-BFB8-2671F9CF7795}
		{98C02F65-3FD1-4CB1-94B7-8BED41E6A557} = {B6456F31-F9AA-4915-A23D-F282CE7DDC1E}
		{843FAA24-54FB-471A-85B4-C3D8819C9F21} = {873F7990-7778-4376-AF7F-611F581CA5D8}
		{630F944B-D50E-431A-9394-72048EFC9CC2} = {04EFA581-D3B9-4CDD-BFB8-2671F9CF7795}
		{6EFDCB6B-71CF-4173-BFC8-EEC9915CCC90} = {630F944B-D50E-431A-9394-72048EFC9CC2}
	EndGlobalSection
	GlobalSection(ExtensibilityGlobals) = postSolution
		SolutionGuid = {1E8B8910-EF46-46EC-99F2-FA44D0F64067}
	EndGlobalSection
EndGlobal
